// !$*UTF8*$!
{
	archiveVersion = 1;
	classes = {
	};
	objectVersion = 46;
	objects = {

/* Begin PBXBuildFile section */
		674288CC164FDC010048BA7D /* Foundation.framework in Frameworks */ = {isa = PBXBuildFile; fileRef = 674288CB164FDC010048BA7D /* Foundation.framework */; };
		674288CF164FDC010048BA7D /* main.m in Sources */ = {isa = PBXBuildFile; fileRef = 674288CE164FDC010048BA7D /* main.m */; };
		674288D3164FDC010048BA7D /* ShapesObject.1 in CopyFiles */ = {isa = PBXBuildFile; fileRef = 674288D2164FDC010048BA7D /* ShapesObject.1 */; };
/* End PBXBuildFile section */

/* Begin PBXCopyFilesBuildPhase section */
		674288C5164FDC010048BA7D /* CopyFiles */ = {
			isa = PBXCopyFilesBuildPhase;
			buildActionMask = 2147483647;
			dstPath = /usr/share/man/man1/;
			dstSubfolderSpec = 0;
			files = (
				674288D3164FDC010048BA7D /* ShapesObject.1 in CopyFiles */,
			);
			runOnlyForDeploymentPostprocessing = 1;
		};
/* End PBXCopyFilesBuildPhase section */

/* Begin PBXFileReference section */
		674288C7164FDC010048BA7D /* ShapesObject */ = {isa = PBXFileReference; explicitFileType = "compiled.mach-o.executable"; includeInIndex = 0; path = ShapesObject; sourceTree = BUILT_PRODUCTS_DIR; };
		674288CB164FDC010048BA7D /* Foundation.framework */ = {isa = PBXFileReference; lastKnownFileType = wrapper.framework; name = Foundation.framework; path = System/Library/Frameworks/Foundation.framework; sourceTree = SDKROOT; };
		674288CE164FDC010048BA7D /* main.m */ = {isa = PBXFileReference; lastKnownFileType = sourcecode.c.objc; path = main.m; sourceTree = "<group>"; };
		674288D1164FDC010048BA7D /* ShapesObject-Prefix.pch */ = {isa = PBXFileReference; lastKnownFileType = sourcecode.c.h; path = "ShapesObject-Prefix.pch"; sourceTree = "<group>"; };
		674288D2164FDC010048BA7D /* ShapesObject.1 */ = {isa = PBXFileReference; lastKnownFileType = text.man; path = ShapesObject.1; sourceTree = "<group>"; };
/* End PBXFileReference section */

/* Begin PBXFrameworksBuildPhase section */
		674288C4164FDC010048BA7D /* Frameworks */ = {
			isa = PBXFrameworksBuildPhase;
			buildActionMask = 2147483647;
			files = (
				674288CC164FDC010048BA7D /* Foundation.framework in Frameworks */,
			);
			runOnlyForDeploymentPostprocessing = 0;
		};
/* End PBXFrameworksBuildPhase section */

/* Begin PBXGroup section */
		674288BC164FDC010048BA7D = {
			isa = PBXGroup;
			children = (
				674288CD164FDC010048BA7D /* ShapesObject */,
				674288CA164FDC010048BA7D /* Frameworks */,
				674288C8164FDC010048BA7D /* Products */,
			);
			sourceTree = "<group>";
		};
		674288C8164FDC010048BA7D /* Products */ = {
			isa = PBXGroup;
			children = (
				674288C7164FDC010048BA7D /* ShapesObject */,
			);
			name = Products;
			sourceTree = "<group>";
		};
		674288CA164FDC010048BA7D /* Frameworks */ = {
			isa = PBXGroup;
			children = (
				674288CB164FDC010048BA7D /* Foundation.framework */,
			);
			name = Frameworks;
			sourceTree = "<group>";
		};
		674288CD164FDC010048BA7D /* ShapesObject */ = {
			isa = PBXGroup;
			children = (
				674288CE164FDC010048BA7D /* main.m */,
				674288D2164FDC010048BA7D /* ShapesObject.1 */,
				674288D0164FDC010048BA7D /* Supporting Files */,
			);
			path = ShapesObject;
			sourceTree = "<group>";
		};
		674288D0164FDC010048BA7D /* Supporting Files */ = {
			isa = PBXGroup;
			children = (
				674288D1164FDC010048BA7D /* ShapesObject-Prefix.pch */,
			);
			name = "Supporting Files";
			sourceTree = "<group>";
		};
/* End PBXGroup section */

/* Begin PBXNativeTarget section */
		674288C6164FDC010048BA7D /* ShapesObject */ = {
			isa = PBXNativeTarget;
			buildConfigurationList = 674288D6164FDC010048BA7D /* Build configuration list for PBXNativeTarget "ShapesObject" */;
			buildPhases = (
				674288C3164FDC010048BA7D /* Sources */,
				674288C4164FDC010048BA7D /* Frameworks */,
				674288C5164FDC010048BA7D /* CopyFiles */,
			);
			buildRules = (
			);
			dependencies = (
			);
			name = ShapesObject;
			productName = ShapesObject;
			productReference = 674288C7164FDC010048BA7D /* ShapesObject */;
			productType = "com.apple.product-type.tool";
		};
/* End PBXNativeTarget section */

/* Begin PBXProject section */
		674288BE164FDC010048BA7D /* Project object */ = {
			isa = PBXProject;
			attributes = {
				LastUpgradeCheck = 0450;
				ORGANIZATIONNAME = mitnk;
			};
			buildConfigurationList = 674288C1164FDC010048BA7D /* Build configuration list for PBXProject "ShapesObject" */;
			compatibilityVersion = "Xcode 3.2";
			developmentRegion = English;
			hasScannedForEncodings = 0;
			knownRegions = (
				en,
			);
			mainGroup = 674288BC164FDC010048BA7D;
			productRefGroup = 674288C8164FDC010048BA7D /* Products */;
			projectDirPath = "";
			projectRoot = "";
			targets = (
				674288C6164FDC010048BA7D /* ShapesObject */,
			);
		};
/* End PBXProject section */

/* Begin PBXSourcesBuildPhase section */
		674288C3164FDC010048BA7D /* Sources */ = {
			isa = PBXSourcesBuildPhase;
			buildActionMask = 2147483647;
			files = (
				674288CF164FDC010048BA7D /* main.m in Sources */,
			);
			runOnlyForDeploymentPostprocessing = 0;
		};
/* End PBXSourcesBuildPhase section */

/* Begin XCBuildConfiguration section */
		674288D4164FDC010048BA7D /* Debug */ = {
			isa = XCBuildConfiguration;
			buildSettings = {
				ALWAYS_SEARCH_USER_PATHS = NO;
				ARCHS = "$(ARCHS_STANDARD_64_BIT)";
				CLANG_CXX_LANGUAGE_STANDARD = "gnu++0x";
				CLANG_CXX_LIBRARY = "libc++";
				CLANG_WARN_EMPTY_BODY = YES;
				CLANG_WARN__DUPLICATE_METHOD_MATCH = YES;
				COPY_PHASE_STRIP = NO;
				GCC_C_LANGUAGE_STANDARD = gnu99;
				GCC_DYNAMIC_NO_PIC = NO;
				GCC_ENABLE_OBJC_EXCEPTIONS = YES;
				GCC_OPTIMIZATION_LEVEL = 0;
				GCC_PREPROCESSOR_DEFINITIONS = (
					"DEBUG=1",
					"$(inherited)",
				);
				GCC_SYMBOLS_PRIVATE_EXTERN = NO;
				GCC_WARN_64_TO_32_BIT_CONVERSION = YES;
				GCC_WARN_ABOUT_RETURN_TYPE = YES;
				GCC_WARN_UNINITIALIZED_AUTOS = YES;
				GCC_WARN_UNUSED_VARIABLE = YES;
				MACOSX_DEPLOYMENT_TARGET = 10.8;
				ONLY_ACTIVE_ARCH = YES;
				SDKROOT = macosx;
			};
			name = Debug;
		};
		674288D5164FDC010048BA7D /* Release */ = {
			isa = XCBuildConfiguration;
			buildSettings = {
				ALWAYS_SEARCH_USER_PATHS = NO;
				ARCHS = "$(ARCHS_STANDARD_64_BIT)";
				CLANG_CXX_LANGUAGE_STANDARD = "gnu++0x";
				CLANG_CXX_LIBRARY = "libc++";
				CLANG_WARN_EMPTY_BODY = YES;
				CLANG_WARN__DUPLICATE_METHOD_MATCH = YES;
				COPY_PHASE_STRIP = YES;
				DEBUG_INFORMATION_FORMAT = "dwarf-with-dsym";
				GCC_C_LANGUAGE_STANDARD = gnu99;
				GCC_ENABLE_OBJC_EXCEPTIONS = YES;
				GCC_WARN_64_TO_32_BIT_CONVERSION = YES;
				GCC_WARN_ABOUT_RETURN_TYPE = YES;
				GCC_WARN_UNINITIALIZED_AUTOS = YES;
				GCC_WARN_UNUSED_VARIABLE = YES;
				MACOSX_DEPLOYMENT_TARGET = 10.8;
				SDKROOT = macosx;
			};
			name = Release;
		};
		674288D7164FDC010048BA7D /* Debug */ = {
			isa = XCBuildConfiguration;
			buildSettings = {
				GCC_PRECOMPILE_PREFIX_HEADER = YES;
				GCC_PREFIX_HEADER = "ShapesObject/ShapesObject-Prefix.pch";
				PRODUCT_NAME = "$(TARGET_NAME)";
			};
			name = Debug;
		};
		674288D8164FDC010048BA7D /* Release */ = {
			isa = XCBuildConfiguration;
			buildSettings = {
				GCC_PRECOMPILE_PREFIX_HEADER = YES;
				GCC_PREFIX_HEADER = "ShapesObject/ShapesObject-Prefix.pch";
				PRODUCT_NAME = "$(TARGET_NAME)";
			};
			name = Release;
		};
/* End XCBuildConfiguration section */

/* Begin XCConfigurationList section */
		674288C1164FDC010048BA7D /* Build configuration list for PBXProject "ShapesObject" */ = {
			isa = XCConfigurationList;
			buildConfigurations = (
				674288D4164FDC010048BA7D /* Debug */,
				674288D5164FDC010048BA7D /* Release */,
			);
			defaultConfigurationIsVisible = 0;
			defaultConfigurationName = Release;
		};
		674288D6164FDC010048BA7D /* Build configuration list for PBXNativeTarget "ShapesObject" */ = {
			isa = XCConfigurationList;
			buildConfigurations = (
				674288D7164FDC010048BA7D /* Debug */,
				674288D8164FDC010048BA7D /* Release */,
			);
			defaultConfigurationIsVisible = 0;
		};
/* End XCConfigurationList section */
	};
	rootObject = 674288BE164FDC010048BA7D /* Project object */;
}
